# This file is automatically @generated by Cargo.
# It is not intended for manual editing.
version = 3

[[package]]
name = "codespan"
version = "0.11.1"
dependencies = [
 "url",
]

[[package]]
name = "idna"
version = "0.2.0"
source = "registry+https://github.com/rust-lang/crates.io-index"
checksum = "02e2673c30ee86b5b96a9cb52ad15718aa1f966f5ab9ad54a8b95d5ca33120a9"
dependencies = [
 "matches",
 "unicode-bidi",
 "unicode-normalization",
]

[[package]]
name = "matches"
version = "0.1.2"
source = "registry+https://github.com/rust-lang/crates.io-index"
checksum = "15305656809ce5a4805b1ff2946892810992197ce1270ff79baded852187942e"

[[package]]
name = "percent-encoding"
version = "2.0.0"
source = "registry+https://github.com/rust-lang/crates.io-index"
checksum = "ba4f28a6faf4ffea762ba8f4baef48c61a6db348647c73095034041fc79dd954"

[[package]]
name = "unicode-bidi"
version = "0.3.0"
source = "registry+https://github.com/rust-lang/crates.io-index"
checksum = "2560b941fdb9ea38301b9b708504d612fcdf9c91a8c31d82219bd74cb07d304d"
dependencies = [
 "matches",
]

[[package]]
name = "unicode-normalization"
version = "0.1.5"
source = "registry+https://github.com/rust-lang/crates.io-index"
checksum = "51ccda9ef9efa3f7ef5d91e8f9b83bbe6955f9bf86aec89d5cce2c874625920f"

[[package]]
name = "url"
version = "2.0.0"
source = "registry+https://github.com/rust-lang/crates.io-index"
checksum = "77ddaf52e65c6b81c56b7e957c0b1970f7937f21c5c6774c4e56fcb4e20b48c6"
dependencies = [
 "idna",
 "matches",
 "percent-encoding",
]
